
Microsoft Visual Studio Solution File, Format Version 12.00
# Visual Studio Version 16
VisualStudioVersion = 16.0.29911.84
MinimumVisualStudioVersion = 15.0.26124.0
Project("{9A19103F-16F7-4668-BE54-9A1E7A4F7556}") = "code_annotations.Generator", "src\nothrow.CodeAnnotations.Generator\code_annotations.Generator.csproj", "{CDE00A60-F951-497A-9D63-C8FE2754C5B5}"
EndProject
Global
	GlobalSection(SolutionConfigurationPlatforms) = preSolution
		Debug|Any CPU = Debug|Any CPU
		Debug|x64 = Debug|x64
		Debug|x86 = Debug|x86
		Release|Any CPU = Release|Any CPU
		Release|x64 = Release|x64
		Release|x86 = Release|x86
	EndGlobalSection
	GlobalSection(ProjectConfigurationPlatforms) = postSolution
		{CDE00A60-F951-497A-9D63-C8FE2754C5B5}.Debug|Any CPU.ActiveCfg = Debug|Any CPU
		{CDE00A60-F951-497A-9D63-C8FE2754C5B5}.Debug|Any CPU.Build.0 = Debug|Any CPU
		{CDE00A60-F951-497A-9D63-C8FE2754C5B5}.Debug|x64.ActiveCfg = Debug|Any CPU
		{CDE00A60-F951-497A-9D63-C8FE2754C5B5}.Debug|x64.Build.0 = Debug|Any CPU
		{CDE00A60-F951-497A-9D63-C8FE2754C5B5}.Debug|x86.ActiveCfg = Debug|Any CPU
		{CDE00A60-F951-497A-9D63-C8FE2754C5B5}.Debug|x86.Build.0 = Debug|Any CPU
		{CDE00A60-F951-497A-9D63-C8FE2754C5B5}.Release|Any CPU.ActiveCfg = Release|Any CPU
		{CDE00A60-F951-497A-9D63-C8FE2754C5B5}.Release|Any CPU.Build.0 = Release|Any CPU
		{CDE00A60-F951-497A-9D63-C8FE2754C5B5}.Release|x64.ActiveCfg = Release|Any CPU
		{CDE00A60-F951-497A-9D63-C8FE2754C5B5}.Release|x64.Build.0 = Release|Any CPU
		{CDE00A60-F951-497A-9D63-C8FE2754C5B5}.Release|x86.ActiveCfg = Release|Any CPU
		{CDE00A60-F951-497A-9D63-C8FE2754C5B5}.Release|x86.Build.0 = Release|Any CPU
	EndGlobalSection
	GlobalSection(SolutionProperties) = preSolution
		HideSolutionNode = FALSE
	EndGlobalSection
	GlobalSection(ExtensibilityGlobals) = postSolution
		SolutionGuid = {13BF8B24-567E-477F-A01D-6022412689FE}
	EndGlobalSection
EndGlobal
